
Microsoft Visual Studio Solution File, Format Version 12.00
# Visual Studio Version 16
VisualStudioVersion = 16.0.29609.76
MinimumVisualStudioVersion = 10.0.40219.1
Project("{9092AA53-FB77-4645-B42D-1CCCA6BD08BD}") = "Jogo da Velha - API", "Jogo da Velha - API.njsproj", "{50E2930C-282F-402E-A0DF-57E3B2B3B2F0}"
EndProject
Global
	GlobalSection(SolutionConfigurationPlatforms) = preSolution
		Debug|Any CPU = Debug|Any CPU
		Release|Any CPU = Release|Any CPU
	EndGlobalSection
	GlobalSection(ProjectConfigurationPlatforms) = postSolution
		{50E2930C-282F-402E-A0DF-57E3B2B3B2F0}.Debug|Any CPU.ActiveCfg = Debug|Any CPU
		{50E2930C-282F-402E-A0DF-57E3B2B3B2F0}.Debug|Any CPU.Build.0 = Debug|Any CPU
		{50E2930C-282F-402E-A0DF-57E3B2B3B2F0}.Release|Any CPU.ActiveCfg = Release|Any CPU
		{50E2930C-282F-402E-A0DF-57E3B2B3B2F0}.Release|Any CPU.Build.0 = Release|Any CPU
	EndGlobalSection
	GlobalSection(SolutionProperties) = preSolution
		HideSolutionNode = FALSE
	EndGlobalSection
	GlobalSection(ExtensibilityGlobals) = postSolution
		SolutionGuid = {0107169B-85B0-4B63-8EA1-8F71B1606C90}
	EndGlobalSection
EndGlobal
